
Microsoft Visual Studio Solution File, Format Version 12.00
# Visual Studio Version 16
VisualStudioVersion = 16.0.31911.196
MinimumVisualStudioVersion = 10.0.40219.1
Project("{888888A0-9F3D-457C-B088-3A5042F75D52}") = "DB_lab3_python", "DB_lab3_python\DB_lab3_python.pyproj", "{D7EB2723-13D5-44D2-A165-E9C7518BCB11}"
EndProject
Global
	GlobalSection(SolutionConfigurationPlatforms) = preSolution
		Debug|Any CPU = Debug|Any CPU
		Release|Any CPU = Release|Any CPU
	EndGlobalSection
	GlobalSection(ProjectConfigurationPlatforms) = postSolution
		{D7EB2723-13D5-44D2-A165-E9C7518BCB11}.Debug|Any CPU.ActiveCfg = Debug|Any CPU
		{D7EB2723-13D5-44D2-A165-E9C7518BCB11}.Release|Any CPU.ActiveCfg = Release|Any CPU
	EndGlobalSection
	GlobalSection(SolutionProperties) = preSolution
		HideSolutionNode = FALSE
	EndGlobalSection
	GlobalSection(ExtensibilityGlobals) = postSolution
		SolutionGuid = {A4EE9F37-4530-4533-839D-557BE1B64360}
	EndGlobalSection
EndGlobal
